PODS:
  - Flutter (1.0.0)
  - flutter_compass_v2 (0.0.1):
    - Flutter
  - flutter_qiblah (0.0.1):
    - Flutter
  - sherpa_onnx_ios (1.13.4):
    - Flutter

DEPENDENCIES:
  - Flutter (from `Flutter`)
  - flutter_compass_v2 (from `.symlinks/plugins/flutter_compass_v2/ios`)
  - flutter_qiblah (from `.symlinks/plugins/flutter_qiblah/ios`)
  - sherpa_onnx_ios (from `.symlinks/plugins/sherpa_onnx_ios/ios`)

EXTERNAL SOURCES:
  Flutter:
    :path: Flutter
  flutter_compass_v2:
    :path: ".symlinks/plugins/flutter_compass_v2/ios"
  flutter_qiblah:
    :path: ".symlinks/plugins/flutter_qiblah/ios"
  sherpa_onnx_ios:
    :path: ".symlinks/plugins/sherpa_onnx_ios/ios"

SPEC CHECKSUMS:
  Flutter: cabc95a1d2626b1b06e7179b784ebcf0c0cde467
  flutter_compass_v2: f7704b078814b705e76ae2bd48fe48ae6cd067df
  flutter_qiblah: f69eeb708d127a2634073ab1f27771c979928f50
  sherpa_onnx_ios: 741d7077c38fb6d575f03f560bf44575d6cf9b9b

PODFILE CHECKSUM: 4b612fa4eb5a4073b47c77868632daeb854794d3

COCOAPODS: 1.16.2
